
Microsoft Visual Studio Solution File, Format Version 12.00
# Visual Studio 15
VisualStudioVersion = 15.0.28010.2041
MinimumVisualStudioVersion = 10.0.40219.1
Project("{FAE04EC0-301F-11D3-BF4B-00C04F79EFBC}") = "ConstructorChain", "ConstructorChain\ConstructorChain.csproj", "{AE72F75D-5EA4-49FE-B9C8-175C807F230B}"
EndProject
Global
	GlobalSection(SolutionConfigurationPlatforms) = preSolution
		Debug|Any CPU = Debug|Any CPU
		Release|Any CPU = Release|Any CPU
	EndGlobalSection
	GlobalSection(ProjectConfigurationPlatforms) = postSolution
		{AE72F75D-5EA4-49FE-B9C8-175C807F230B}.Debug|Any CPU.ActiveCfg = Debug|Any CPU
		{AE72F75D-5EA4-49FE-B9C8-175C807F230B}.Debug|Any CPU.Build.0 = Debug|Any CPU
		{AE72F75D-5EA4-49FE-B9C8-175C807F230B}.Release|Any CPU.ActiveCfg = Release|Any CPU
		{AE72F75D-5EA4-49FE-B9C8-175C807F230B}.Release|Any CPU.Build.0 = Release|Any CPU
	EndGlobalSection
	GlobalSection(SolutionProperties) = preSolution
		HideSolutionNode = FALSE
	EndGlobalSection
	GlobalSection(ExtensibilityGlobals) = postSolution
		SolutionGuid = {E6755577-4DC1-45B9-8F64-F73A5F01C75A}
	EndGlobalSection
EndGlobal
