
Microsoft Visual Studio Solution File, Format Version 12.00
# Visual Studio 15
VisualStudioVersion = 15.0.28010.2041
MinimumVisualStudioVersion = 10.0.40219.1
Project("{FAE04EC0-301F-11D3-BF4B-00C04F79EFBC}") = "Ex126", "Ex126\Ex126.csproj", "{F9E723B2-EFFE-47A2-BC8B-6D4BEB65295A}"
EndProject
Global
	GlobalSection(SolutionConfigurationPlatforms) = preSolution
		Debug|Any CPU = Debug|Any CPU
		Release|Any CPU = Release|Any CPU
	EndGlobalSection
	GlobalSection(ProjectConfigurationPlatforms) = postSolution
		{F9E723B2-EFFE-47A2-BC8B-6D4BEB65295A}.Debug|Any CPU.ActiveCfg = Debug|Any CPU
		{F9E723B2-EFFE-47A2-BC8B-6D4BEB65295A}.Debug|Any CPU.Build.0 = Debug|Any CPU
		{F9E723B2-EFFE-47A2-BC8B-6D4BEB65295A}.Release|Any CPU.ActiveCfg = Release|Any CPU
		{F9E723B2-EFFE-47A2-BC8B-6D4BEB65295A}.Release|Any CPU.Build.0 = Release|Any CPU
	EndGlobalSection
	GlobalSection(SolutionProperties) = preSolution
		HideSolutionNode = FALSE
	EndGlobalSection
	GlobalSection(ExtensibilityGlobals) = postSolution
		SolutionGuid = {D8D45DFA-3076-4A5C-BE83-9D71B159C19B}
	EndGlobalSection
EndGlobal
