
Microsoft Visual Studio Solution File, Format Version 12.00
# Visual Studio 15
VisualStudioVersion = 15.0.28010.2041
MinimumVisualStudioVersion = 10.0.40219.1
Project("{FAE04EC0-301F-11D3-BF4B-00C04F79EFBC}") = "booleanLoops", "booleanLoops\booleanLoops.csproj", "{0D8D4EDB-1A83-426D-BF32-95817DDC54F6}"
EndProject
Global
	GlobalSection(SolutionConfigurationPlatforms) = preSolution
		Debug|Any CPU = Debug|Any CPU
		Release|Any CPU = Release|Any CPU
	EndGlobalSection
	GlobalSection(ProjectConfigurationPlatforms) = postSolution
		{0D8D4EDB-1A83-426D-BF32-95817DDC54F6}.Debug|Any CPU.ActiveCfg = Debug|Any CPU
		{0D8D4EDB-1A83-426D-BF32-95817DDC54F6}.Debug|Any CPU.Build.0 = Debug|Any CPU
		{0D8D4EDB-1A83-426D-BF32-95817DDC54F6}.Release|Any CPU.ActiveCfg = Release|Any CPU
		{0D8D4EDB-1A83-426D-BF32-95817DDC54F6}.Release|Any CPU.Build.0 = Release|Any CPU
	EndGlobalSection
	GlobalSection(SolutionProperties) = preSolution
		HideSolutionNode = FALSE
	EndGlobalSection
	GlobalSection(ExtensibilityGlobals) = postSolution
		SolutionGuid = {7F087880-AD8A-4384-936F-846F060E899B}
	EndGlobalSection
EndGlobal
