
Microsoft Visual Studio Solution File, Format Version 12.00
# Visual Studio 15
VisualStudioVersion = 15.0.28010.2016
MinimumVisualStudioVersion = 10.0.40219.1
Project("{FAE04EC0-301F-11D3-BF4B-00C04F79EFBC}") = "Ex140", "Ex140\Ex140.csproj", "{F551381D-40EA-4287-830B-7528D9F67FB7}"
EndProject
Global
	GlobalSection(SolutionConfigurationPlatforms) = preSolution
		Debug|Any CPU = Debug|Any CPU
		Release|Any CPU = Release|Any CPU
	EndGlobalSection
	GlobalSection(ProjectConfigurationPlatforms) = postSolution
		{F551381D-40EA-4287-830B-7528D9F67FB7}.Debug|Any CPU.ActiveCfg = Debug|Any CPU
		{F551381D-40EA-4287-830B-7528D9F67FB7}.Debug|Any CPU.Build.0 = Debug|Any CPU
		{F551381D-40EA-4287-830B-7528D9F67FB7}.Release|Any CPU.ActiveCfg = Release|Any CPU
		{F551381D-40EA-4287-830B-7528D9F67FB7}.Release|Any CPU.Build.0 = Release|Any CPU
	EndGlobalSection
	GlobalSection(SolutionProperties) = preSolution
		HideSolutionNode = FALSE
	EndGlobalSection
	GlobalSection(ExtensibilityGlobals) = postSolution
		SolutionGuid = {D31320FC-DEE7-4EA1-AEE8-7109616A5DD7}
	EndGlobalSection
EndGlobal
