
Microsoft Visual Studio Solution File, Format Version 12.00
# Visual Studio 15
VisualStudioVersion = 15.0.28010.2041
MinimumVisualStudioVersion = 10.0.40219.1
Project("{FAE04EC0-301F-11D3-BF4B-00C04F79EFBC}") = "booleanLogic", "booleanLogic\booleanLogic.csproj", "{EC1DA698-C81A-491E-8862-2F65108E4D4D}"
EndProject
Global
	GlobalSection(SolutionConfigurationPlatforms) = preSolution
		Debug|Any CPU = Debug|Any CPU
		Release|Any CPU = Release|Any CPU
	EndGlobalSection
	GlobalSection(ProjectConfigurationPlatforms) = postSolution
		{EC1DA698-C81A-491E-8862-2F65108E4D4D}.Debug|Any CPU.ActiveCfg = Debug|Any CPU
		{EC1DA698-C81A-491E-8862-2F65108E4D4D}.Debug|Any CPU.Build.0 = Debug|Any CPU
		{EC1DA698-C81A-491E-8862-2F65108E4D4D}.Release|Any CPU.ActiveCfg = Release|Any CPU
		{EC1DA698-C81A-491E-8862-2F65108E4D4D}.Release|Any CPU.Build.0 = Release|Any CPU
	EndGlobalSection
	GlobalSection(SolutionProperties) = preSolution
		HideSolutionNode = FALSE
	EndGlobalSection
	GlobalSection(ExtensibilityGlobals) = postSolution
		SolutionGuid = {79FA383C-D1F7-4FCE-A69C-159A7B532579}
	EndGlobalSection
EndGlobal
