
Microsoft Visual Studio Solution File, Format Version 12.00
# Visual Studio 15
VisualStudioVersion = 15.0.28010.2016
MinimumVisualStudioVersion = 10.0.40219.1
Project("{FAE04EC0-301F-11D3-BF4B-00C04F79EFBC}") = "FileIO", "FileIO\FileIO.csproj", "{04E3C30E-09D4-4347-9A41-4DB94C3C9E85}"
EndProject
Global
	GlobalSection(SolutionConfigurationPlatforms) = preSolution
		Debug|Any CPU = Debug|Any CPU
		Release|Any CPU = Release|Any CPU
	EndGlobalSection
	GlobalSection(ProjectConfigurationPlatforms) = postSolution
		{04E3C30E-09D4-4347-9A41-4DB94C3C9E85}.Debug|Any CPU.ActiveCfg = Debug|Any CPU
		{04E3C30E-09D4-4347-9A41-4DB94C3C9E85}.Debug|Any CPU.Build.0 = Debug|Any CPU
		{04E3C30E-09D4-4347-9A41-4DB94C3C9E85}.Release|Any CPU.ActiveCfg = Release|Any CPU
		{04E3C30E-09D4-4347-9A41-4DB94C3C9E85}.Release|Any CPU.Build.0 = Release|Any CPU
	EndGlobalSection
	GlobalSection(SolutionProperties) = preSolution
		HideSolutionNode = FALSE
	EndGlobalSection
	GlobalSection(ExtensibilityGlobals) = postSolution
		SolutionGuid = {745AE6AE-CE1A-4F2C-A119-DB628E74589C}
	EndGlobalSection
EndGlobal
