
Microsoft Visual Studio Solution File, Format Version 12.00
# Visual Studio 15
VisualStudioVersion = 15.0.28010.2016
MinimumVisualStudioVersion = 10.0.40219.1
Project("{FAE04EC0-301F-11D3-BF4B-00C04F79EFBC}") = "Ex129", "Ex129\Ex129.csproj", "{CDC31AFA-C04B-4B75-901E-149106C0A8AB}"
EndProject
Global
	GlobalSection(SolutionConfigurationPlatforms) = preSolution
		Debug|Any CPU = Debug|Any CPU
		Release|Any CPU = Release|Any CPU
	EndGlobalSection
	GlobalSection(ProjectConfigurationPlatforms) = postSolution
		{CDC31AFA-C04B-4B75-901E-149106C0A8AB}.Debug|Any CPU.ActiveCfg = Debug|Any CPU
		{CDC31AFA-C04B-4B75-901E-149106C0A8AB}.Debug|Any CPU.Build.0 = Debug|Any CPU
		{CDC31AFA-C04B-4B75-901E-149106C0A8AB}.Release|Any CPU.ActiveCfg = Release|Any CPU
		{CDC31AFA-C04B-4B75-901E-149106C0A8AB}.Release|Any CPU.Build.0 = Release|Any CPU
	EndGlobalSection
	GlobalSection(SolutionProperties) = preSolution
		HideSolutionNode = FALSE
	EndGlobalSection
	GlobalSection(ExtensibilityGlobals) = postSolution
		SolutionGuid = {7E988003-997F-46DA-83E0-AC136B9319C8}
	EndGlobalSection
EndGlobal
