
Microsoft Visual Studio Solution File, Format Version 12.00
# Visual Studio 15
VisualStudioVersion = 15.0.28010.2041
MinimumVisualStudioVersion = 10.0.40219.1
Project("{FAE04EC0-301F-11D3-BF4B-00C04F79EFBC}") = "Ex120", "Ex120\Ex120.csproj", "{F18BBD25-3A39-4340-AAC6-7FF048CC3792}"
EndProject
Global
	GlobalSection(SolutionConfigurationPlatforms) = preSolution
		Debug|Any CPU = Debug|Any CPU
		Release|Any CPU = Release|Any CPU
	EndGlobalSection
	GlobalSection(ProjectConfigurationPlatforms) = postSolution
		{F18BBD25-3A39-4340-AAC6-7FF048CC3792}.Debug|Any CPU.ActiveCfg = Debug|Any CPU
		{F18BBD25-3A39-4340-AAC6-7FF048CC3792}.Debug|Any CPU.Build.0 = Debug|Any CPU
		{F18BBD25-3A39-4340-AAC6-7FF048CC3792}.Release|Any CPU.ActiveCfg = Release|Any CPU
		{F18BBD25-3A39-4340-AAC6-7FF048CC3792}.Release|Any CPU.Build.0 = Release|Any CPU
	EndGlobalSection
	GlobalSection(SolutionProperties) = preSolution
		HideSolutionNode = FALSE
	EndGlobalSection
	GlobalSection(ExtensibilityGlobals) = postSolution
		SolutionGuid = {A41B3E68-0383-46EB-8898-26D4D3C34A68}
	EndGlobalSection
EndGlobal
